// !$*UTF8*$!
{
	archiveVersion = 1;
	classes = {
	};
	objectVersion = 55;
	objects = {

/* Begin PBXBuildFile section */
		2039D66C28F012FA005CB2AC /* NetworkError.swift in Sources */ = {isa = PBXBuildFile; fileRef = 2039D66B28F012FA005CB2AC /* NetworkError.swift */; };
		2039D66E28F01311005CB2AC /* KingfisherError.swift in Sources */ = {isa = PBXBuildFile; fileRef = 2039D66D28F01311005CB2AC /* KingfisherError.swift */; };
		2039D67028F01369005CB2AC /* LabelWithLine.swift in Sources */ = {isa = PBXBuildFile; fileRef = 2039D66F28F01369005CB2AC /* LabelWithLine.swift */; };
		2039D67228F013BA005CB2AC /* UIStackView+Extension .swift in Sources */ = {isa = PBXBuildFile; fileRef = 2039D67128F013BA005CB2AC /* UIStackView+Extension .swift */; };
		2039D67528F013E2005CB2AC /* UIView+Extension.swift in Sources */ = {isa = PBXBuildFile; fileRef = 2039D67428F013E2005CB2AC /* UIView+Extension.swift */; };
		2039D67728F013FD005CB2AC /* UIFont+Extension.swift in Sources */ = {isa = PBXBuildFile; fileRef = 2039D67628F013FD005CB2AC /* UIFont+Extension.swift */; };
		2039D67928F0141E005CB2AC /* UILabel+Extension.swift in Sources */ = {isa = PBXBuildFile; fileRef = 2039D67828F0141E005CB2AC /* UILabel+Extension.swift */; };
		2039D67B28F01437005CB2AC /* UIColor+Extension.swift in Sources */ = {isa = PBXBuildFile; fileRef = 2039D67A28F01437005CB2AC /* UIColor+Extension.swift */; };
		2039D67D28F01450005CB2AC /* UIImageView+Extension.swift in Sources */ = {isa = PBXBuildFile; fileRef = 2039D67C28F01450005CB2AC /* UIImageView+Extension.swift */; };
		2039D67F28F01471005CB2AC /* NetworkManager.swift in Sources */ = {isa = PBXBuildFile; fileRef = 2039D67E28F01471005CB2AC /* NetworkManager.swift */; };
		2039D68128F0148D005CB2AC /* ImageManager.swift in Sources */ = {isa = PBXBuildFile; fileRef = 2039D68028F0148D005CB2AC /* ImageManager.swift */; };
		2039D68328F014B3005CB2AC /* OrderDetailsViewController.swift in Sources */ = {isa = PBXBuildFile; fileRef = 2039D68228F014B3005CB2AC /* OrderDetailsViewController.swift */; };
		2039D68528F014D0005CB2AC /* OrderDetailsPresenter.swift in Sources */ = {isa = PBXBuildFile; fileRef = 2039D68428F014D0005CB2AC /* OrderDetailsPresenter.swift */; };
		2039D68728F014E2005CB2AC /* OrderDetailsInteractor.swift in Sources */ = {isa = PBXBuildFile; fileRef = 2039D68628F014E2005CB2AC /* OrderDetailsInteractor.swift */; };
		2039D68928F014F8005CB2AC /* OrderDetailsConfigurator.swift in Sources */ = {isa = PBXBuildFile; fileRef = 2039D68828F014F8005CB2AC /* OrderDetailsConfigurator.swift */; };
		2039D68B28F01540005CB2AC /* Order.swift in Sources */ = {isa = PBXBuildFile; fileRef = 2039D68A28F01540005CB2AC /* Order.swift */; };
		2039D68D28F0155E005CB2AC /* OrderListTableViewCell.swift in Sources */ = {isa = PBXBuildFile; fileRef = 2039D68C28F0155E005CB2AC /* OrderListTableViewCell.swift */; };
		2039D68F28F01575005CB2AC /* OrderListCellViewModel.swift in Sources */ = {isa = PBXBuildFile; fileRef = 2039D68E28F01575005CB2AC /* OrderListCellViewModel.swift */; };
		20606D7F28E9A55A00C2F17F /* AppDelegate.swift in Sources */ = {isa = PBXBuildFile; fileRef = 20606D7E28E9A55A00C2F17F /* AppDelegate.swift */; };
		20606D8128E9A55A00C2F17F /* SceneDelegate.swift in Sources */ = {isa = PBXBuildFile; fileRef = 20606D8028E9A55A00C2F17F /* SceneDelegate.swift */; };
		20606D8328E9A55A00C2F17F /* ViewController.swift in Sources */ = {isa = PBXBuildFile; fileRef = 20606D8228E9A55A00C2F17F /* ViewController.swift */; };
		20606D8828E9A55F00C2F17F /* Assets.xcassets in Resources */ = {isa = PBXBuildFile; fileRef = 20606D8728E9A55F00C2F17F /* Assets.xcassets */; };
		20606D8B28E9A55F00C2F17F /* LaunchScreen.storyboard in Resources */ = {isa = PBXBuildFile; fileRef = 20606D8928E9A55F00C2F17F /* LaunchScreen.storyboard */; };
		20606D9328E9B04600C2F17F /* OrderListViewController.swift in Sources */ = {isa = PBXBuildFile; fileRef = 20606D9228E9B04600C2F17F /* OrderListViewController.swift */; };
		20606D9528E9B88400C2F17F /* OrderListPresenter.swift in Sources */ = {isa = PBXBuildFile; fileRef = 20606D9428E9B88400C2F17F /* OrderListPresenter.swift */; };
		20606D9728E9B8A700C2F17F /* OrderListInteractor.swift in Sources */ = {isa = PBXBuildFile; fileRef = 20606D9628E9B8A700C2F17F /* OrderListInteractor.swift */; };
		20606D9928E9B8CD00C2F17F /* OrderListRouter.swift in Sources */ = {isa = PBXBuildFile; fileRef = 20606D9828E9B8CD00C2F17F /* OrderListRouter.swift */; };
		20606D9B28E9B8E900C2F17F /* OrderListConfigurator.swift in Sources */ = {isa = PBXBuildFile; fileRef = 20606D9A28E9B8E900C2F17F /* OrderListConfigurator.swift */; };
/* End PBXBuildFile section */

/* Begin PBXFileReference section */
		2039D66B28F012FA005CB2AC /* NetworkError.swift */ = {isa = PBXFileReference; lastKnownFileType = sourcecode.swift; path = NetworkError.swift; sourceTree = "<group>"; };
		2039D66D28F01311005CB2AC /* KingfisherError.swift */ = {isa = PBXFileReference; lastKnownFileType = sourcecode.swift; path = KingfisherError.swift; sourceTree = "<group>"; };
		2039D66F28F01369005CB2AC /* LabelWithLine.swift */ = {isa = PBXFileReference; lastKnownFileType = sourcecode.swift; path = LabelWithLine.swift; sourceTree = "<group>"; };
		2039D67128F013BA005CB2AC /* UIStackView+Extension .swift */ = {isa = PBXFileReference; lastKnownFileType = sourcecode.swift; path = "UIStackView+Extension .swift"; sourceTree = "<group>"; };
		2039D67428F013E2005CB2AC /* UIView+Extension.swift */ = {isa = PBXFileReference; lastKnownFileType = sourcecode.swift; path = "UIView+Extension.swift"; sourceTree = "<group>"; };
		2039D67628F013FD005CB2AC /* UIFont+Extension.swift */ = {isa = PBXFileReference; lastKnownFileType = sourcecode.swift; path = "UIFont+Extension.swift"; sourceTree = "<group>"; };
		2039D67828F0141E005CB2AC /* UILabel+Extension.swift */ = {isa = PBXFileReference; lastKnownFileType = sourcecode.swift; path = "UILabel+Extension.swift"; sourceTree = "<group>"; };
		2039D67A28F01437005CB2AC /* UIColor+Extension.swift */ = {isa = PBXFileReference; lastKnownFileType = sourcecode.swift; path = "UIColor+Extension.swift"; sourceTree = "<group>"; };
		2039D67C28F01450005CB2AC /* UIImageView+Extension.swift */ = {isa = PBXFileReference; lastKnownFileType = sourcecode.swift; path = "UIImageView+Extension.swift"; sourceTree = "<group>"; };
		2039D67E28F01471005CB2AC /* NetworkManager.swift */ = {isa = PBXFileReference; lastKnownFileType = sourcecode.swift; path = NetworkManager.swift; sourceTree = "<group>"; };
		2039D68028F0148D005CB2AC /* ImageManager.swift */ = {isa = PBXFileReference; lastKnownFileType = sourcecode.swift; path = ImageManager.swift; sourceTree = "<group>"; };
		2039D68228F014B3005CB2AC /* OrderDetailsViewController.swift */ = {isa = PBXFileReference; lastKnownFileType = sourcecode.swift; path = OrderDetailsViewController.swift; sourceTree = "<group>"; };
		2039D68428F014D0005CB2AC /* OrderDetailsPresenter.swift */ = {isa = PBXFileReference; lastKnownFileType = sourcecode.swift; path = OrderDetailsPresenter.swift; sourceTree = "<group>"; };
		2039D68628F014E2005CB2AC /* OrderDetailsInteractor.swift */ = {isa = PBXFileReference; lastKnownFileType = sourcecode.swift; path = OrderDetailsInteractor.swift; sourceTree = "<group>"; };
		2039D68828F014F8005CB2AC /* OrderDetailsConfigurator.swift */ = {isa = PBXFileReference; lastKnownFileType = sourcecode.swift; path = OrderDetailsConfigurator.swift; sourceTree = "<group>"; };
		2039D68A28F01540005CB2AC /* Order.swift */ = {isa = PBXFileReference; lastKnownFileType = sourcecode.swift; path = Order.swift; sourceTree = "<group>"; };
		2039D68C28F0155E005CB2AC /* OrderListTableViewCell.swift */ = {isa = PBXFileReference; lastKnownFileType = sourcecode.swift; path = OrderListTableViewCell.swift; sourceTree = "<group>"; };
		2039D68E28F01575005CB2AC /* OrderListCellViewModel.swift */ = {isa = PBXFileReference; lastKnownFileType = sourcecode.swift; path = OrderListCellViewModel.swift; sourceTree = "<group>"; };
		20606D7B28E9A55A00C2F17F /* Taxi.app */ = {isa = PBXFileReference; explicitFileType = wrapper.application; includeInIndex = 0; path = Taxi.app; sourceTree = BUILT_PRODUCTS_DIR; };
		20606D7E28E9A55A00C2F17F /* AppDelegate.swift */ = {isa = PBXFileReference; lastKnownFileType = sourcecode.swift; path = AppDelegate.swift; sourceTree = "<group>"; };
		20606D8028E9A55A00C2F17F /* SceneDelegate.swift */ = {isa = PBXFileReference; lastKnownFileType = sourcecode.swift; path = SceneDelegate.swift; sourceTree = "<group>"; };
		20606D8228E9A55A00C2F17F /* ViewController.swift */ = {isa = PBXFileReference; lastKnownFileType = sourcecode.swift; path = ViewController.swift; sourceTree = "<group>"; };
		20606D8728E9A55F00C2F17F /* Assets.xcassets */ = {isa = PBXFileReference; lastKnownFileType = folder.assetcatalog; path = Assets.xcassets; sourceTree = "<group>"; };
		20606D8A28E9A55F00C2F17F /* Base */ = {isa = PBXFileReference; lastKnownFileType = file.storyboard; name = Base; path = Base.lproj/LaunchScreen.storyboard; sourceTree = "<group>"; };
		20606D8C28E9A56000C2F17F /* Info.plist */ = {isa = PBXFileReference; lastKnownFileType = text.plist.xml; path = Info.plist; sourceTree = "<group>"; };
		20606D9228E9B04600C2F17F /* OrderListViewController.swift */ = {isa = PBXFileReference; lastKnownFileType = sourcecode.swift; path = OrderListViewController.swift; sourceTree = "<group>"; };
		20606D9428E9B88400C2F17F /* OrderListPresenter.swift */ = {isa = PBXFileReference; lastKnownFileType = sourcecode.swift; path = OrderListPresenter.swift; sourceTree = "<group>"; };
		20606D9628E9B8A700C2F17F /* OrderListInteractor.swift */ = {isa = PBXFileReference; lastKnownFileType = sourcecode.swift; path = OrderListInteractor.swift; sourceTree = "<group>"; };
		20606D9828E9B8CD00C2F17F /* OrderListRouter.swift */ = {isa = PBXFileReference; lastKnownFileType = sourcecode.swift; path = OrderListRouter.swift; sourceTree = "<group>"; };
		20606D9A28E9B8E900C2F17F /* OrderListConfigurator.swift */ = {isa = PBXFileReference; lastKnownFileType = sourcecode.swift; path = OrderListConfigurator.swift; sourceTree = "<group>"; };
/* End PBXFileReference section */

/* Begin PBXFrameworksBuildPhase section */
		20606D7828E9A55A00C2F17F /* Frameworks */ = {
			isa = PBXFrameworksBuildPhase;
			buildActionMask = 2147483647;
			files = (
			);
			runOnlyForDeploymentPostprocessing = 0;
		};
/* End PBXFrameworksBuildPhase section */

/* Begin PBXGroup section */
		2039D66028F011FE005CB2AC /* Modules */ = {
			isa = PBXGroup;
			children = (
				2039D66628F01299005CB2AC /* OrderList */,
				2039D66728F012A6005CB2AC /* OrderDetails */,
			);
			path = Modules;
			sourceTree = "<group>";
		};
		2039D66128F01218005CB2AC /* SupportingFiles */ = {
			isa = PBXGroup;
			children = (
				20606D7E28E9A55A00C2F17F /* AppDelegate.swift */,
				20606D8028E9A55A00C2F17F /* SceneDelegate.swift */,
				20606D8928E9A55F00C2F17F /* LaunchScreen.storyboard */,
				20606D8C28E9A56000C2F17F /* Info.plist */,
			);
			path = SupportingFiles;
			sourceTree = "<group>";
		};
		2039D66228F0122B005CB2AC /* Services */ = {
			isa = PBXGroup;
			children = (
				2039D67E28F01471005CB2AC /* NetworkManager.swift */,
				2039D68028F0148D005CB2AC /* ImageManager.swift */,
			);
			path = Services;
			sourceTree = "<group>";
		};
		2039D66328F0123D005CB2AC /* Extension */ = {
			isa = PBXGroup;
			children = (
				2039D66F28F01369005CB2AC /* LabelWithLine.swift */,
				2039D66A28F012DF005CB2AC /* UIKit */,
			);
			path = Extension;
			sourceTree = "<group>";
		};
		2039D66428F01246005CB2AC /* Errors */ = {
			isa = PBXGroup;
			children = (
				2039D66B28F012FA005CB2AC /* NetworkError.swift */,
				2039D66D28F01311005CB2AC /* KingfisherError.swift */,
			);
			path = Errors;
			sourceTree = "<group>";
		};
		2039D66528F01250005CB2AC /* Resources */ = {
			isa = PBXGroup;
			children = (
				20606D8728E9A55F00C2F17F /* Assets.xcassets */,
			);
			path = Resources;
			sourceTree = "<group>";
		};
		2039D66628F01299005CB2AC /* OrderList */ = {
			isa = PBXGroup;
			children = (
				2039D66928F012C5005CB2AC /* OrderCell */,
				2039D66828F012BE005CB2AC /* Entity */,
				20606D9228E9B04600C2F17F /* OrderListViewController.swift */,
				20606D9428E9B88400C2F17F /* OrderListPresenter.swift */,
				20606D9628E9B8A700C2F17F /* OrderListInteractor.swift */,
				20606D9828E9B8CD00C2F17F /* OrderListRouter.swift */,
				20606D9A28E9B8E900C2F17F /* OrderListConfigurator.swift */,
			);
			path = OrderList;
			sourceTree = "<group>";
		};
		2039D66728F012A6005CB2AC /* OrderDetails */ = {
			isa = PBXGroup;
			children = (
				2039D68228F014B3005CB2AC /* OrderDetailsViewController.swift */,
				2039D68428F014D0005CB2AC /* OrderDetailsPresenter.swift */,
				2039D68628F014E2005CB2AC /* OrderDetailsInteractor.swift */,
				2039D68828F014F8005CB2AC /* OrderDetailsConfigurator.swift */,
			);
			path = OrderDetails;
			sourceTree = "<group>";
		};
		2039D66828F012BE005CB2AC /* Entity */ = {
			isa = PBXGroup;
			children = (
				2039D68A28F01540005CB2AC /* Order.swift */,
			);
			path = Entity;
			sourceTree = "<group>";
		};
		2039D66928F012C5005CB2AC /* OrderCell */ = {
			isa = PBXGroup;
			children = (
				2039D68C28F0155E005CB2AC /* OrderListTableViewCell.swift */,
				2039D68E28F01575005CB2AC /* OrderListCellViewModel.swift */,
			);
			path = OrderCell;
			sourceTree = "<group>";
		};
		2039D66A28F012DF005CB2AC /* UIKit */ = {
			isa = PBXGroup;
			children = (
				2039D67128F013BA005CB2AC /* UIStackView+Extension .swift */,
				2039D67428F013E2005CB2AC /* UIView+Extension.swift */,
				2039D67628F013FD005CB2AC /* UIFont+Extension.swift */,
				2039D67828F0141E005CB2AC /* UILabel+Extension.swift */,
				2039D67A28F01437005CB2AC /* UIColor+Extension.swift */,
				2039D67C28F01450005CB2AC /* UIImageView+Extension.swift */,
			);
			path = UIKit;
			sourceTree = "<group>";
		};
		20606D7228E9A55A00C2F17F = {
			isa = PBXGroup;
			children = (
				20606D7D28E9A55A00C2F17F /* Taxi */,
				20606D7C28E9A55A00C2F17F /* Products */,
			);
			sourceTree = "<group>";
		};
		20606D7C28E9A55A00C2F17F /* Products */ = {
			isa = PBXGroup;
			children = (
				20606D7B28E9A55A00C2F17F /* Taxi.app */,
			);
			name = Products;
			sourceTree = "<group>";
		};
		20606D7D28E9A55A00C2F17F /* Taxi */ = {
			isa = PBXGroup;
			children = (
				2039D66128F01218005CB2AC /* SupportingFiles */,
				2039D66028F011FE005CB2AC /* Modules */,
				2039D66228F0122B005CB2AC /* Services */,
				2039D66328F0123D005CB2AC /* Extension */,
				2039D66428F01246005CB2AC /* Errors */,
				2039D66528F01250005CB2AC /* Resources */,
				20606D8228E9A55A00C2F17F /* ViewController.swift */,
			);
			path = Taxi;
			sourceTree = "<group>";
		};
/* End PBXGroup section */

/* Begin PBXNativeTarget section */
		20606D7A28E9A55A00C2F17F /* Taxi */ = {
			isa = PBXNativeTarget;
			buildConfigurationList = 20606D8F28E9A56000C2F17F /* Build configuration list for PBXNativeTarget "Taxi" */;
			buildPhases = (
				20606D7728E9A55A00C2F17F /* Sources */,
				20606D7828E9A55A00C2F17F /* Frameworks */,
				20606D7928E9A55A00C2F17F /* Resources */,
			);
			buildRules = (
			);
			dependencies = (
			);
			name = Taxi;
			productName = Taxi;
			productReference = 20606D7B28E9A55A00C2F17F /* Taxi.app */;
			productType = "com.apple.product-type.application";
		};
/* End PBXNativeTarget section */

/* Begin PBXProject section */
		20606D7328E9A55A00C2F17F /* Project object */ = {
			isa = PBXProject;
			attributes = {
				BuildIndependentTargetsInParallel = 1;
				LastSwiftUpdateCheck = 1340;
				LastUpgradeCheck = 1340;
				TargetAttributes = {
					20606D7A28E9A55A00C2F17F = {
						CreatedOnToolsVersion = 13.4.1;
					};
				};
			};
			buildConfigurationList = 20606D7628E9A55A00C2F17F /* Build configuration list for PBXProject "Taxi" */;
			compatibilityVersion = "Xcode 13.0";
			developmentRegion = en;
			hasScannedForEncodings = 0;
			knownRegions = (
				en,
				Base,
			);
			mainGroup = 20606D7228E9A55A00C2F17F;
			productRefGroup = 20606D7C28E9A55A00C2F17F /* Products */;
			projectDirPath = "";
			projectRoot = "";
			targets = (
				20606D7A28E9A55A00C2F17F /* Taxi */,
			);
		};
/* End PBXProject section */

/* Begin PBXResourcesBuildPhase section */
		20606D7928E9A55A00C2F17F /* Resources */ = {
			isa = PBXResourcesBuildPhase;
			buildActionMask = 2147483647;
			files = (
				20606D8B28E9A55F00C2F17F /* LaunchScreen.storyboard in Resources */,
				20606D8828E9A55F00C2F17F /* Assets.xcassets in Resources */,
			);
			runOnlyForDeploymentPostprocessing = 0;
		};
/* End PBXResourcesBuildPhase section */

/* Begin PBXSourcesBuildPhase section */
		20606D7728E9A55A00C2F17F /* Sources */ = {
			isa = PBXSourcesBuildPhase;
			buildActionMask = 2147483647;
			files = (
				2039D68528F014D0005CB2AC /* OrderDetailsPresenter.swift in Sources */,
				2039D67F28F01471005CB2AC /* NetworkManager.swift in Sources */,
				20606D9528E9B88400C2F17F /* OrderListPresenter.swift in Sources */,
				2039D68128F0148D005CB2AC /* ImageManager.swift in Sources */,
				2039D68928F014F8005CB2AC /* OrderDetailsConfigurator.swift in Sources */,
				2039D67528F013E2005CB2AC /* UIView+Extension.swift in Sources */,
				2039D67928F0141E005CB2AC /* UILabel+Extension.swift in Sources */,
				2039D68728F014E2005CB2AC /* OrderDetailsInteractor.swift in Sources */,
				20606D9B28E9B8E900C2F17F /* OrderListConfigurator.swift in Sources */,
				20606D8328E9A55A00C2F17F /* ViewController.swift in Sources */,
				20606D7F28E9A55A00C2F17F /* AppDelegate.swift in Sources */,
				2039D68328F014B3005CB2AC /* OrderDetailsViewController.swift in Sources */,
				20606D8128E9A55A00C2F17F /* SceneDelegate.swift in Sources */,
				2039D67B28F01437005CB2AC /* UIColor+Extension.swift in Sources */,
				20606D9328E9B04600C2F17F /* OrderListViewController.swift in Sources */,
				2039D67228F013BA005CB2AC /* UIStackView+Extension .swift in Sources */,
				2039D66C28F012FA005CB2AC /* NetworkError.swift in Sources */,
				2039D68D28F0155E005CB2AC /* OrderListTableViewCell.swift in Sources */,
				2039D67728F013FD005CB2AC /* UIFont+Extension.swift in Sources */,
				2039D68B28F01540005CB2AC /* Order.swift in Sources */,
				20606D9928E9B8CD00C2F17F /* OrderListRouter.swift in Sources */,
				2039D68F28F01575005CB2AC /* OrderListCellViewModel.swift in Sources */,
				2039D66E28F01311005CB2AC /* KingfisherError.swift in Sources */,
				20606D9728E9B8A700C2F17F /* OrderListInteractor.swift in Sources */,
				2039D67D28F01450005CB2AC /* UIImageView+Extension.swift in Sources */,
				2039D67028F01369005CB2AC /* LabelWithLine.swift in Sources */,
			);
			runOnlyForDeploymentPostprocessing = 0;
		};
/* End PBXSourcesBuildPhase section */

/* Begin PBXVariantGroup section */
		20606D8928E9A55F00C2F17F /* LaunchScreen.storyboard */ = {
			isa = PBXVariantGroup;
			children = (
				20606D8A28E9A55F00C2F17F /* Base */,
			);
			name = LaunchScreen.storyboard;
			sourceTree = "<group>";
		};
/* End PBXVariantGroup section */

/* Begin XCBuildConfiguration section */
		20606D8D28E9A56000C2F17F /* Debug */ = {
			isa = XCBuildConfiguration;
			buildSettings = {
				ALWAYS_SEARCH_USER_PATHS = NO;
				CLANG_ANALYZER_NONNULL = YES;
				CLANG_ANALYZER_NUMBER_OBJECT_CONVERSION = YES_AGGRESSIVE;
				CLANG_CXX_LANGUAGE_STANDARD = "gnu++17";
				CLANG_ENABLE_MODULES = YES;
				CLANG_ENABLE_OBJC_ARC = YES;
				CLANG_ENABLE_OBJC_WEAK = YES;
				CLANG_WARN_BLOCK_CAPTURE_AUTORELEASING = YES;
				CLANG_WARN_BOOL_CONVERSION = YES;
				CLANG_WARN_COMMA = YES;
				CLANG_WARN_CONSTANT_CONVERSION = YES;
				CLANG_WARN_DEPRECATED_OBJC_IMPLEMENTATIONS = YES;
				CLANG_WARN_DIRECT_OBJC_ISA_USAGE = YES_ERROR;
				CLANG_WARN_DOCUMENTATION_COMMENTS = YES;
				CLANG_WARN_EMPTY_BODY = YES;
				CLANG_WARN_ENUM_CONVERSION = YES;
				CLANG_WARN_INFINITE_RECURSION = YES;
				CLANG_WARN_INT_CONVERSION = YES;
				CLANG_WARN_NON_LITERAL_NULL_CONVERSION = YES;
				CLANG_WARN_OBJC_IMPLICIT_RETAIN_SELF = YES;
				CLANG_WARN_OBJC_LITERAL_CONVERSION = YES;
				CLANG_WARN_OBJC_ROOT_CLASS = YES_ERROR;
				CLANG_WARN_QUOTED_INCLUDE_IN_FRAMEWORK_HEADER = YES;
				CLANG_WARN_RANGE_LOOP_ANALYSIS = YES;
				CLANG_WARN_STRICT_PROTOTYPES = YES;
				CLANG_WARN_SUSPICIOUS_MOVE = YES;
				CLANG_WARN_UNGUARDED_AVAILABILITY = YES_AGGRESSIVE;
				CLANG_WARN_UNREACHABLE_CODE = YES;
				CLANG_WARN__DUPLICATE_METHOD_MATCH = YES;
				COPY_PHASE_STRIP = NO;
				DEBUG_INFORMATION_FORMAT = dwarf;
				ENABLE_STRICT_OBJC_MSGSEND = YES;
				ENABLE_TESTABILITY = YES;
				GCC_C_LANGUAGE_STANDARD = gnu11;
				GCC_DYNAMIC_NO_PIC = NO;
				GCC_NO_COMMON_BLOCKS = YES;
				GCC_OPTIMIZATION_LEVEL = 0;
				GCC_PREPROCESSOR_DEFINITIONS = (
					"DEBUG=1",
					"$(inherited)",
				);
				GCC_WARN_64_TO_32_BIT_CONVERSION = YES;
				GCC_WARN_ABOUT_RETURN_TYPE = YES_ERROR;
				GCC_WARN_UNDECLARED_SELECTOR = YES;
				GCC_WARN_UNINITIALIZED_AUTOS = YES_AGGRESSIVE;
				GCC_WARN_UNUSED_FUNCTION = YES;
				GCC_WARN_UNUSED_VARIABLE = YES;
				IPHONEOS_DEPLOYMENT_TARGET = 15.5;
				MTL_ENABLE_DEBUG_INFO = INCLUDE_SOURCE;
				MTL_FAST_MATH = YES;
				ONLY_ACTIVE_ARCH = YES;
				SDKROOT = iphoneos;
				SWIFT_ACTIVE_COMPILATION_CONDITIONS = DEBUG;
				SWIFT_OPTIMIZATION_LEVEL = "-Onone";
			};
			name = Debug;
		};
		20606D8E28E9A56000C2F17F /* Release */ = {
			isa = XCBuildConfiguration;
			buildSettings = {
				ALWAYS_SEARCH_USER_PATHS = NO;
				CLANG_ANALYZER_NONNULL = YES;
				CLANG_ANALYZER_NUMBER_OBJECT_CONVERSION = YES_AGGRESSIVE;
				CLANG_CXX_LANGUAGE_STANDARD = "gnu++17";
				CLANG_ENABLE_MODULES = YES;
				CLANG_ENABLE_OBJC_ARC = YES;
				CLANG_ENABLE_OBJC_WEAK = YES;
				CLANG_WARN_BLOCK_CAPTURE_AUTORELEASING = YES;
				CLANG_WARN_BOOL_CONVERSION = YES;
				CLANG_WARN_COMMA = YES;
				CLANG_WARN_CONSTANT_CONVERSION = YES;
				CLANG_WARN_DEPRECATED_OBJC_IMPLEMENTATIONS = YES;
				CLANG_WARN_DIRECT_OBJC_ISA_USAGE = YES_ERROR;
				CLANG_WARN_DOCUMENTATION_COMMENTS = YES;
				CLANG_WARN_EMPTY_BODY = YES;
				CLANG_WARN_ENUM_CONVERSION = YES;
				CLANG_WARN_INFINITE_RECURSION = YES;
				CLANG_WARN_INT_CONVERSION = YES;
				CLANG_WARN_NON_LITERAL_NULL_CONVERSION = YES;
				CLANG_WARN_OBJC_IMPLICIT_RETAIN_SELF = YES;
				CLANG_WARN_OBJC_LITERAL_CONVERSION = YES;
				CLANG_WARN_OBJC_ROOT_CLASS = YES_ERROR;
				CLANG_WARN_QUOTED_INCLUDE_IN_FRAMEWORK_HEADER = YES;
				CLANG_WARN_RANGE_LOOP_ANALYSIS = YES;
				CLANG_WARN_STRICT_PROTOTYPES = YES;
				CLANG_WARN_SUSPICIOUS_MOVE = YES;
				CLANG_WARN_UNGUARDED_AVAILABILITY = YES_AGGRESSIVE;
				CLANG_WARN_UNREACHABLE_CODE = YES;
				CLANG_WARN__DUPLICATE_METHOD_MATCH = YES;
				COPY_PHASE_STRIP = NO;
				DEBUG_INFORMATION_FORMAT = "dwarf-with-dsym";
				ENABLE_NS_ASSERTIONS = NO;
				ENABLE_STRICT_OBJC_MSGSEND = YES;
				GCC_C_LANGUAGE_STANDARD = gnu11;
				GCC_NO_COMMON_BLOCKS = YES;
				GCC_WARN_64_TO_32_BIT_CONVERSION = YES;
				GCC_WARN_ABOUT_RETURN_TYPE = YES_ERROR;
				GCC_WARN_UNDECLARED_SELECTOR = YES;
				GCC_WARN_UNINITIALIZED_AUTOS = YES_AGGRESSIVE;
				GCC_WARN_UNUSED_FUNCTION = YES;
				GCC_WARN_UNUSED_VARIABLE = YES;
				IPHONEOS_DEPLOYMENT_TARGET = 15.5;
				MTL_ENABLE_DEBUG_INFO = NO;
				MTL_FAST_MATH = YES;
				SDKROOT = iphoneos;
				SWIFT_COMPILATION_MODE = wholemodule;
				SWIFT_OPTIMIZATION_LEVEL = "-O";
				VALIDATE_PRODUCT = YES;
			};
			name = Release;
		};
		20606D9028E9A56000C2F17F /* Debug */ = {
			isa = XCBuildConfiguration;
			buildSettings = {
				ASSETCATALOG_COMPILER_APPICON_NAME = AppIcon;
				ASSETCATALOG_COMPILER_GLOBAL_ACCENT_COLOR_NAME = AccentColor;
				CODE_SIGN_STYLE = Automatic;
				CURRENT_PROJECT_VERSION = 1;
				DEVELOPMENT_TEAM = Q6CQH2T6SR;
				GENERATE_INFOPLIST_FILE = YES;
				INFOPLIST_FILE = Taxi/Info.plist;
				INFOPLIST_KEY_UIApplicationSupportsIndirectInputEvents = YES;
				INFOPLIST_KEY_UILaunchStoryboardName = LaunchScreen;
				INFOPLIST_KEY_UISupportedInterfaceOrientations_iPad = "UIInterfaceOrientationPortrait UIInterfaceOrientationPortraitUpsideDown UIInterfaceOrientationLandscapeLeft UIInterfaceOrientationLandscapeRight";
				INFOPLIST_KEY_UISupportedInterfaceOrientations_iPhone = "UIInterfaceOrientationPortrait UIInterfaceOrientationLandscapeLeft UIInterfaceOrientationLandscapeRight";
				LD_RUNPATH_SEARCH_PATHS = (
					"$(inherited)",
					"@executable_path/Frameworks",
				);
				MARKETING_VERSION = 1.0;
				PRODUCT_BUNDLE_IDENTIFIER = Pet.Taxi;
				PRODUCT_NAME = "$(TARGET_NAME)";
				SWIFT_EMIT_LOC_STRINGS = YES;
				SWIFT_VERSION = 5.0;
				TARGETED_DEVICE_FAMILY = "1,2";
			};
			name = Debug;
		};
		20606D9128E9A56000C2F17F /* Release */ = {
			isa = XCBuildConfiguration;
			buildSettings = {
				ASSETCATALOG_COMPILER_APPICON_NAME = AppIcon;
				ASSETCATALOG_COMPILER_GLOBAL_ACCENT_COLOR_NAME = AccentColor;
				CODE_SIGN_STYLE = Automatic;
				CURRENT_PROJECT_VERSION = 1;
				DEVELOPMENT_TEAM = Q6CQH2T6SR;
				GENERATE_INFOPLIST_FILE = YES;
				INFOPLIST_FILE = Taxi/Info.plist;
				INFOPLIST_KEY_UIApplicationSupportsIndirectInputEvents = YES;
				INFOPLIST_KEY_UILaunchStoryboardName = LaunchScreen;
				INFOPLIST_KEY_UISupportedInterfaceOrientations_iPad = "UIInterfaceOrientationPortrait UIInterfaceOrientationPortraitUpsideDown UIInterfaceOrientationLandscapeLeft UIInterfaceOrientationLandscapeRight";
				INFOPLIST_KEY_UISupportedInterfaceOrientations_iPhone = "UIInterfaceOrientationPortrait UIInterfaceOrientationLandscapeLeft UIInterfaceOrientationLandscapeRight";
				LD_RUNPATH_SEARCH_PATHS = (
					"$(inherited)",
					"@executable_path/Frameworks",
				);
				MARKETING_VERSION = 1.0;
				PRODUCT_BUNDLE_IDENTIFIER = Pet.Taxi;
				PRODUCT_NAME = "$(TARGET_NAME)";
				SWIFT_EMIT_LOC_STRINGS = YES;
				SWIFT_VERSION = 5.0;
				TARGETED_DEVICE_FAMILY = "1,2";
			};
			name = Release;
		};
/* End XCBuildConfiguration section */

/* Begin XCConfigurationList section */
		20606D7628E9A55A00C2F17F /* Build configuration list for PBXProject "Taxi" */ = {
			isa = XCConfigurationList;
			buildConfigurations = (
				20606D8D28E9A56000C2F17F /* Debug */,
				20606D8E28E9A56000C2F17F /* Release */,
			);
			defaultConfigurationIsVisible = 0;
			defaultConfigurationName = Release;
		};
		20606D8F28E9A56000C2F17F /* Build configuration list for PBXNativeTarget "Taxi" */ = {
			isa = XCConfigurationList;
			buildConfigurations = (
				20606D9028E9A56000C2F17F /* Debug */,
				20606D9128E9A56000C2F17F /* Release */,
			);
			defaultConfigurationIsVisible = 0;
			defaultConfigurationName = Release;
		};
/* End XCConfigurationList section */
	};
	rootObject = 20606D7328E9A55A00C2F17F /* Project object */;
}
